{
	"name": "@monument/recaptcha-validator",
	"version": "0.0.1",
	"lockfileVersion": 1,
	"requires": true,
	"dependencies": {
		"@monument/core": {
			"version": "0.9.0",
			"resolved": "https://registry.npmjs.org/@monument/core/-/core-0.9.0.tgz",
			"integrity": "sha512-gLsbYKmenU1v5rLNAMCrxCVS2PA8JEBoSRmxdxAiP/2KzRYSh5aNkwBGYrztVU7wRmSRqGmd01MN165aEl6MHQ==",
			"requires": {
				"reflect-metadata": "^0.1.12"
			}
		},
		"@types/node": {
			"version": "12.0.10",
			"resolved": "https://registry.npmjs.org/@types/node/-/node-12.0.10.tgz",
			"integrity": "sha512-LcsGbPomWsad6wmMNv7nBLw7YYYyfdYcz6xryKYQhx89c3XXan+8Q6AJ43G5XDIaklaVkK3mE4fCb0SBvMiPSQ==",
			"dev": true
		},
		"@types/node-fetch": {
			"version": "2.3.7",
			"resolved": "https://registry.npmjs.org/@types/node-fetch/-/node-fetch-2.3.7.tgz",
			"integrity": "sha512-+bKtuxhj/TYSSP1r4CZhfmyA0vm/aDRQNo7vbAgf6/cZajn0SAniGGST07yvI4Q+q169WTa2/x9gEHfJrkcALw==",
			"dev": true,
			"requires": {
				"@types/node": "*"
			}
		},
		"node-fetch": {
			"version": "2.6.0",
			"resolved": "https://registry.npmjs.org/node-fetch/-/node-fetch-2.6.0.tgz",
			"integrity": "sha512-8dG4H5ujfvFiqDmVu9fQ5bOHUC15JMjMY/Zumv26oOvvVJjM67KF8koCWIabKQ1GJIa9r2mMZscBq/TbdOcmNA=="
		},
		"reflect-metadata": {
			"version": "0.1.13",
			"resolved": "https://registry.npmjs.org/reflect-metadata/-/reflect-metadata-0.1.13.tgz",
			"integrity": "sha512-Ts1Y/anZELhSsjMcU605fU9RE4Oi3p5ORujwbIKXfWa+0Zxs510Qrmrce5/Jowq3cHSZSJqBjypxmHarc+vEWg=="
		}
	}
}
